
Microsoft Visual Studio Solution File, Format Version 12.00
# Visual Studio Version 17
VisualStudioVersion = 17.7.34009.444
MinimumVisualStudioVersion = 10.0.40219.1
Project("{888888A0-9F3D-457C-B088-3A5042F75D52}") = "Data-Visualisation", "Data-Visualisation.pyproj", "{95876C4E-5DC6-4B45-81CA-42E03847A168}"
EndProject
Global
	GlobalSection(SolutionConfigurationPlatforms) = preSolution
		Debug|Any CPU = Debug|Any CPU
		Release|Any CPU = Release|Any CPU
	EndGlobalSection
	GlobalSection(ProjectConfigurationPlatforms) = postSolution
		{95876C4E-5DC6-4B45-81CA-42E03847A168}.Debug|Any CPU.ActiveCfg = Debug|Any CPU
		{95876C4E-5DC6-4B45-81CA-42E03847A168}.Release|Any CPU.ActiveCfg = Release|Any CPU
	EndGlobalSection
	GlobalSection(SolutionProperties) = preSolution
		HideSolutionNode = FALSE
	EndGlobalSection
	GlobalSection(ExtensibilityGlobals) = postSolution
		SolutionGuid = {0DDB8B4B-8E2F-45A0-A132-1D7ADA2CBBFD}
	EndGlobalSection
EndGlobal
